
Microsoft Visual Studio Solution File, Format Version 12.00
# Visual Studio Version 16
VisualStudioVersion = 16.0.30907.101
MinimumVisualStudioVersion = 10.0.40219.1
Project("{9A19103F-16F7-4668-BE54-9A1E7A4F7556}") = "ToptoutCli", "ToptoutCli\ToptoutCli.csproj", "{D9FCAF9E-9683-45DF-8625-D70C64A32C86}"
EndProject
Project("{FAE04EC0-301F-11D3-BF4B-00C04F79EFBC}") = "ToptoutCli.Tests", "ToptoutCli.Tests\ToptoutCli.Tests.csproj", "{142B2233-962C-42D8-A1C8-C69AB762EC8A}"
EndProject
Global
	GlobalSection(SolutionConfigurationPlatforms) = preSolution
		Debug|Any CPU = Debug|Any CPU
		Release|Any CPU = Release|Any CPU
	EndGlobalSection
	GlobalSection(ProjectConfigurationPlatforms) = postSolution
		{D9FCAF9E-9683-45DF-8625-D70C64A32C86}.Debug|Any CPU.ActiveCfg = Debug|Any CPU
		{D9FCAF9E-9683-45DF-8625-D70C64A32C86}.Debug|Any CPU.Build.0 = Debug|Any CPU
		{D9FCAF9E-9683-45DF-8625-D70C64A32C86}.Release|Any CPU.ActiveCfg = Release|Any CPU
		{D9FCAF9E-9683-45DF-8625-D70C64A32C86}.Release|Any CPU.Build.0 = Release|Any CPU
		{142B2233-962C-42D8-A1C8-C69AB762EC8A}.Debug|Any CPU.ActiveCfg = Debug|Any CPU
		{142B2233-962C-42D8-A1C8-C69AB762EC8A}.Debug|Any CPU.Build.0 = Debug|Any CPU
		{142B2233-962C-42D8-A1C8-C69AB762EC8A}.Release|Any CPU.ActiveCfg = Release|Any CPU
		{142B2233-962C-42D8-A1C8-C69AB762EC8A}.Release|Any CPU.Build.0 = Release|Any CPU
	EndGlobalSection
	GlobalSection(SolutionProperties) = preSolution
		HideSolutionNode = FALSE
	EndGlobalSection
	GlobalSection(ExtensibilityGlobals) = postSolution
		SolutionGuid = {38391E7C-2FA5-4405-929A-C76D529A5EC7}
	EndGlobalSection
EndGlobal
